
Microsoft Visual Studio Solution File, Format Version 12.00
# Visual Studio Version 17
VisualStudioVersion = 17.5.33414.496
MinimumVisualStudioVersion = 10.0.40219.1
Project("{FAE04EC0-301F-11D3-BF4B-00C04F79EFBC}") = "task1", "task1\task1.csproj", "{976DC6A4-CF14-4AC4-976C-CC33B5610CF3}"
EndProject
Global
	GlobalSection(SolutionConfigurationPlatforms) = preSolution
		Debug|Any CPU = Debug|Any CPU
		Release|Any CPU = Release|Any CPU
	EndGlobalSection
	GlobalSection(ProjectConfigurationPlatforms) = postSolution
		{976DC6A4-CF14-4AC4-976C-CC33B5610CF3}.Debug|Any CPU.ActiveCfg = Debug|Any CPU
		{976DC6A4-CF14-4AC4-976C-CC33B5610CF3}.Debug|Any CPU.Build.0 = Debug|Any CPU
		{976DC6A4-CF14-4AC4-976C-CC33B5610CF3}.Release|Any CPU.ActiveCfg = Release|Any CPU
		{976DC6A4-CF14-4AC4-976C-CC33B5610CF3}.Release|Any CPU.Build.0 = Release|Any CPU
	EndGlobalSection
	GlobalSection(SolutionProperties) = preSolution
		HideSolutionNode = FALSE
	EndGlobalSection
	GlobalSection(ExtensibilityGlobals) = postSolution
		SolutionGuid = {83398E6F-A88D-4E3B-82A4-A31B68AFE30C}
	EndGlobalSection
EndGlobal
