
Microsoft Visual Studio Solution File, Format Version 12.00
# Visual Studio Version 17
VisualStudioVersion = 17.5.33414.496
MinimumVisualStudioVersion = 10.0.40219.1
Project("{FAE04EC0-301F-11D3-BF4B-00C04F79EFBC}") = "task2", "task2\task2.csproj", "{6FD16488-E565-4373-BFCD-6519015DAA3B}"
EndProject
Global
	GlobalSection(SolutionConfigurationPlatforms) = preSolution
		Debug|Any CPU = Debug|Any CPU
		Release|Any CPU = Release|Any CPU
	EndGlobalSection
	GlobalSection(ProjectConfigurationPlatforms) = postSolution
		{6FD16488-E565-4373-BFCD-6519015DAA3B}.Debug|Any CPU.ActiveCfg = Debug|Any CPU
		{6FD16488-E565-4373-BFCD-6519015DAA3B}.Debug|Any CPU.Build.0 = Debug|Any CPU
		{6FD16488-E565-4373-BFCD-6519015DAA3B}.Release|Any CPU.ActiveCfg = Release|Any CPU
		{6FD16488-E565-4373-BFCD-6519015DAA3B}.Release|Any CPU.Build.0 = Release|Any CPU
	EndGlobalSection
	GlobalSection(SolutionProperties) = preSolution
		HideSolutionNode = FALSE
	EndGlobalSection
	GlobalSection(ExtensibilityGlobals) = postSolution
		SolutionGuid = {49C275E4-6EC7-491D-B2FC-CC12464ACC7F}
	EndGlobalSection
EndGlobal
